version: v2
locks:
  f/common/devshell: 37dfb281a2b035c4a4b73dfb1ebf37a256a02566dae920f4aa68d47325802db3
  f/common/store: 49142d946a0c2989482df9b9799eb489234e18df7c47af266322703e3aeecbb1
  f/common/store_index: 4aaf098605f1c097f95e566e0e9fb2ee5d392f5e31241b750d0d828ccf755152
  f/common/worktree: 9b93c760d68a1259eb3cc8629aed58b9111559c711927f92ee3ebea35b62601d
  f/fstests/check.flow+__flow_hash: 44136fa355b3678a1146ad16f7e8649e94fb4fc21fe77e8310c060f61caaff8a
  f/fstests/collect: 8c4811cbe052150779f550578f79ba5a86c053ce04cd4c8223184bbe5d5170e1
  f/fstests/common: 336e920b19b981c7d36b95da3b0fcc6596f2bd5f9e51910acf7a919cf3da8958
  f/fstests/discover: 0ff1a143b9f669cc2cd60d8df9f19240746af4de756c61422bd7fbf1cc4d1271
  f/fstests/prepare: 01c9a88034e674ef84008310328c2cc6def2f45f9ba235628fe3d69883c88806
  f/fstests/reboot: b30dcc53264298d8792200b0a4221643d389560bdb4e812464630a10290798aa
  f/fstests/render_config: 518e6d1b79a89e0e137dc1d3186b55a7ea46e07777ce29a30f0ecf1a92e4f3c2
  f/fstests/report: 08b3c2eb91e29c772499bfc0aa23173d60e243fe7620f565e2b5b83a49b2c3b3
  f/fstests/start: eebbaa7224d695788e39f0146f606b64fcbd275ec62a14cb180b5870ede15423
  f/fstests/stop: e93c8a7940231b92409e05429cb98ec804cd67afe7ec7bfa392fa96b7650e7fd
  f/fstests/wait: 6eec904de885cd5f10d7a62e0a38460b108162a1a43e74eb8941416aa8d3b251
  f/fstests/wipe: 867bb4b1b74537c6a6e60e8eee40142e02d54897624d680f6779cb7d3b5ed486
  f/kernel/build_flags: 05be1f37d1279f2ad9c01ed99931619ef065727d72d23637d909f3b26213d6d9
  f/kernel/build.flow+__flow_hash: 0b3e89f4ce513dee39e90d1d0668f5c14eed7035b4912f6918a5dc04984d6a82
  f/kernel/build.flow+merge_step_results_into_one_manifest.inline_script.ts: b35d36d9f5c63bb3e4b8f5dd833ec584fb858dfcdc31b7790603ae00f0d4cbd6
  f/kernel/compile: 5ab2ecf2b9ae683b1cd4dcf4a932c412faf533a221a7e5c4900ee3b1d6795b5e
  f/kernel/configure_fragments: 109cb6c401d33fb2a4069e7f4ca01f22840dd5c56572056ed2ed89a76ff1f92f
  f/kernel/configure_make: b2010a864d7f13bce1cedd1762c41b8a77e602055a45f2c84543230dd0455e65
  f/kernel/configure_preset: b3599856e668cc6e0345f92bb4b2a8802f1dd951df290015d9ba90f00bfef473
  f/kernel/devtools: ad8cb26508de03d48998a29455ef34a9704e1e302d7b0e1ff48c16a6e83a31ec
  f/kernel/fetch_devel: 59cfa4706f478a5c4554929d74e25589eb23efcf9ed633f7bd1574600ebb7eee
  f/kernel/fetch_identity: b816079078e525f2a9ce6d504a66eb89525f2de7d86f889770cf0bff95b95d71
  f/kernel/identity: 817a0f247d4e320c5637bd31f3645b22808fb41263e15640df0fa18d6f378804
  f/kernel/install: ab1705bf6e10501e26e88eb32d0d72a0e3dab8f731700a3caa7bccd577c5eb36
  f/kernel/install_modules: 93901748adc5abb2d7fdbe7c844471938a05893313df3adff388f75e08322df6
  f/kernel/prepare_worktree: 82f1678bd2eb8c82461565a856278639cfce2bdcabcea4eb04e7fe0a7c57c49b
  f/kernel/publish: 40d4d87dc51fa63a5970d51317efbeec79268a61433948234c5a425dd20edec4
  f/kernel/publish_devel: deba628f963b74e35ee21a14830d184d59be44ee8ee38ee5ad8dc6be2887555b
  f/kernel/reuse_check: 36f3a6b0d00d8e027f7ee5a68bb6fca849107b2dfbf8b2cf7051c4d4f8c17d41
  f/nix/build_closure: 9e4e6841fd9fdb1666fbfa0205578b6863d009e3f8e13cae604c548f0d598f49
  f/nix/build.flow+__flow_hash: 44136fa355b3678a1146ad16f7e8649e94fb4fc21fe77e8310c060f61caaff8a
  f/nix/lock_config: 396883d10e7c0e15844736b86262a7d4ea33f3cb9f9fa687b5a6ed348715ba0b
  f/nix/render_config: 5d2adf0ad8fae241b4ea627c4c77c7502417622d68d05cba377b9a0307ddc454
  f/qemu/build.flow+__flow_hash: ed8c97dae38c23a5f4903cfd4386e81809b29bebe2eaf406f95f0068090fb135
  f/qemu/build.flow+merge_step_results_into_one_manifest.inline_script.ts: 028313f9fd57ef680d0be1d5a048c508b844c91aa4408db655a6d35637c6c033
  f/qemu/compile: 684cb9a35a89d1cfbc268ee2fb441fcf223679869fd269fd1de726e7b2c87c4b
  f/qemu/configure: ed80633af17ba2182fd9f34f02f07101837b5f89ef1b3c80986947795254c2df
  f/qemu/devtools: 55b2554961646a177ea2b04c8f7b55bd32ebd2893aa0f965b49c9f5773a65d70
  f/qemu/fetch_identity: 59b14157777f414ad89582131e3d65b3370f22523cb717b399eb1d7b3bb163f2
  f/qemu/identity: 29a459c663fda2e8777b63aaa83f267efc290522c920b37509f9268b777ae611
  f/qemu/install: 77d84e60c9db0bc2a0de314a48149dd93468c08559a2eb88b105963a79b207ad
  f/qemu/prepare_worktree: ba20d3823dc0995a85b736db4533731929c97720d71347a8436c0222dd0dbb69
  f/qemu/publish: 4e5233b5c7c483cc21a4623c85cf5f5648bee41dc9b918ac5c2f4d3fcde09047
  f/qemu/reuse_check: da2b7bcf7cf51f5aae0a5ec9ff3aef12f49af322045776240862344fbeb081e2
  f/qsu/binaries: c7c79759a4caa288f96e0aca7f6a63e5ac2475c4fa8e3354c10e3dcfdb8537f3
  f/qsu/boot: 131c2d3bc2f97a7af16ef0ad0bc2ec412d3527925bb47ddb01d781dba255a1dc
  f/qsu/boot.flow+__flow_hash: 44136fa355b3678a1146ad16f7e8649e94fb4fc21fe77e8310c060f61caaff8a
  f/qsu/bringup.flow+__flow_hash: 44136fa355b3678a1146ad16f7e8649e94fb4fc21fe77e8310c060f61caaff8a
  f/qsu/cloud-init/render: 91de19042024095a4e0b64dbf95bdd35d66a464729b33bbad151b57264d1d61b
  f/qsu/common: 37daafa1831784fa4fec19c51446db946253c1496f73f86cf468bd1affbb8537
  f/qsu/destroy: c646acedf93f496ac1e6de1aa14b3075a7c9cb790756f25135a1616a6de6cd78
  f/qsu/discover: 6ad17f333eee4beb1aa55680471570751ea5ff5d81f484dfb120b0eb46be5369
  f/qsu/nvme/create: b19b53fdfc47fde4947f3b2e7eef3ce4efd145fd883d33a30381adb377d9105a
  f/qsu/qemu-system/render: 6c3f1e4c149fcb2d69c4270e1d806fc95fa4f7e43c797dd8f4afe1a814e8652c
  f/qsu/status: 29d9335c20aa77024e3f8d767a5310a035bfba9cf212f0d3c79fe4078b2cb592
  f/qsu/stop: b7fbbd8584efba39cd64cd224bb07a4c9b8d214ba6cc8e9fb4276948354aa45b
  f/qsu/vfio/render: 0986612b34a3240df258ea0f25a4a22d02cca5a5d570eff66877ebd8f2bf7a49
  f/qsu/virtiofsd/render: eae9ef10d8b082298db0d12e67aeab52a2cc757deb7e1df26f684409b953a779
  f/workbench/fetch: 49619dbd37002dc7e549c6f7cf415011c1a470ac984e6c126e42b785709555e7
  f/workbench/init.flow+__flow_hash: 44136fa355b3678a1146ad16f7e8649e94fb4fc21fe77e8310c060f61caaff8a
  f/workbench/mirror: 1d57e0fd9d8fcf70978141c76b2536323872f2db8943b326a473f483fa26101e
  f/workbench/ssh_key: 7083aeb31185244aef2a4a671508e341008dd9a2c02bff1490a1479717a60aca
  f/workbench/worktree/init: b64c3dbfaecfab1a1bd9a062f967ddd9eaaadf5728d8db47b6a8bdc18a2ad4a0
